
Microsoft Visual Studio Solution File, Format Version 12.00
# Visual Studio Version 16
VisualStudioVersion = 16.0.30320.27
MinimumVisualStudioVersion = 10.0.40219.1
Project("{FAE04EC0-301F-11D3-BF4B-00C04F79EFBC}") = "CodefoxWaaS", "CodefoxWaaS\CodefoxWaaS.csproj", "{085D6F55-84D9-40A9-A7F8-59E62D66F252}"
EndProject
Global
	GlobalSection(SolutionConfigurationPlatforms) = preSolution
		Debug|Any CPU = Debug|Any CPU
		Release|Any CPU = Release|Any CPU
	EndGlobalSection
	GlobalSection(ProjectConfigurationPlatforms) = postSolution
		{085D6F55-84D9-40A9-A7F8-59E62D66F252}.Debug|Any CPU.ActiveCfg = Debug|Any CPU
		{085D6F55-84D9-40A9-A7F8-59E62D66F252}.Debug|Any CPU.Build.0 = Debug|Any CPU
		{085D6F55-84D9-40A9-A7F8-59E62D66F252}.Release|Any CPU.ActiveCfg = Release|Any CPU
		{085D6F55-84D9-40A9-A7F8-59E62D66F252}.Release|Any CPU.Build.0 = Release|Any CPU
	EndGlobalSection
	GlobalSection(SolutionProperties) = preSolution
		HideSolutionNode = FALSE
	EndGlobalSection
	GlobalSection(ExtensibilityGlobals) = postSolution
		SolutionGuid = {21A2CD85-754A-4EE9-8D8D-7A596E56FE30}
	EndGlobalSection
EndGlobal
